
Microsoft Visual Studio Solution File, Format Version 12.00
# Visual Studio 15
VisualStudioVersion = 15.0.27703.2042
MinimumVisualStudioVersion = 10.0.40219.1
Project("{FAE04EC0-301F-11D3-BF4B-00C04F79EFBC}") = "App3.Android", "App3\App3.Android\App3.Android.csproj", "{C9E8D491-6E24-45D5-83D4-3B4890546005}"
EndProject
Project("{FAE04EC0-301F-11D3-BF4B-00C04F79EFBC}") = "App3.iOS", "App3\App3.iOS\App3.iOS.csproj", "{AE7845D2-1CE3-4000-B1D4-11E6BF5F9DC2}"
EndProject
Project("{FAE04EC0-301F-11D3-BF4B-00C04F79EFBC}") = "App3", "App3\App3\App3.csproj", "{82B9195F-9D39-41F4-AB74-3F62EC959206}"
EndProject
Global
	GlobalSection(SolutionConfigurationPlatforms) = preSolution
		Ad-Hoc|Any CPU = Ad-Hoc|Any CPU
		Ad-Hoc|iPhone = Ad-Hoc|iPhone
		Ad-Hoc|iPhoneSimulator = Ad-Hoc|iPhoneSimulator
		AppStore|Any CPU = AppStore|Any CPU
		AppStore|iPhone = AppStore|iPhone
		AppStore|iPhoneSimulator = AppStore|iPhoneSimulator
		Debug|Any CPU = Debug|Any CPU
		Debug|iPhone = Debug|iPhone
		Debug|iPhoneSimulator = Debug|iPhoneSimulator
		Release|Any CPU = Release|Any CPU
		Release|iPhone = Release|iPhone
		Release|iPhoneSimulator = Release|iPhoneSimulator
	EndGlobalSection
	GlobalSection(ProjectConfigurationPlatforms) = postSolution
		{C9E8D491-6E24-45D5-83D4-3B4890546005}.Ad-Hoc|Any CPU.ActiveCfg = Release|Any CPU
		{C9E8D491-6E24-45D5-83D4-3B4890546005}.Ad-Hoc|Any CPU.Build.0 = Release|Any CPU
		{C9E8D491-6E24-45D5-83D4-3B4890546005}.Ad-Hoc|Any CPU.Deploy.0 = Release|Any CPU
		{C9E8D491-6E24-45D5-83D4-3B4890546005}.Ad-Hoc|iPhone.ActiveCfg = Release|Any CPU
		{C9E8D491-6E24-45D5-83D4-3B4890546005}.Ad-Hoc|iPhone.Build.0 = Release|Any CPU
		{C9E8D491-6E24-45D5-83D4-3B4890546005}.Ad-Hoc|iPhone.Deploy.0 = Release|Any CPU
		{C9E8D491-6E24-45D5-83D4-3B4890546005}.Ad-Hoc|iPhoneSimulator.ActiveCfg = Release|Any CPU
		{C9E8D491-6E24-45D5-83D4-3B4890546005}.Ad-Hoc|iPhoneSimulator.Build.0 = Release|Any CPU
		{C9E8D491-6E24-45D5-83D4-3B4890546005}.Ad-Hoc|iPhoneSimulator.Deploy.0 = Release|Any CPU
		{C9E8D491-6E24-45D5-83D4-3B4890546005}.AppStore|Any CPU.ActiveCfg = Release|Any CPU
		{C9E8D491-6E24-45D5-83D4-3B4890546005}.AppStore|Any CPU.Build.0 = Release|Any CPU
		{C9E8D491-6E24-45D5-83D4-3B4890546005}.AppStore|Any CPU.Deploy.0 = Release|Any CPU
		{C9E8D491-6E24-45D5-83D4-3B4890546005}.AppStore|iPhone.ActiveCfg = Release|Any CPU
		{C9E8D491-6E24-45D5-83D4-3B4890546005}.AppStore|iPhone.Build.0 = Release|Any CPU
		{C9E8D491-6E24-45D5-83D4-3B4890546005}.AppStore|iPhone.Deploy.0 = Release|Any CPU
		{C9E8D491-6E24-45D5-83D4-3B4890546005}.AppStore|iPhoneSimulator.ActiveCfg = Release|Any CPU
		{C9E8D491-6E24-45D5-83D4-3B4890546005}.AppStore|iPhoneSimulator.Build.0 = Release|Any CPU
		{C9E8D491-6E24-45D5-83D4-3B4890546005}.AppStore|iPhoneSimulator.Deploy.0 = Release|Any CPU
		{C9E8D491-6E24-45D5-83D4-3B4890546005}.Debug|Any CPU.ActiveCfg = Debug|Any CPU
		{C9E8D491-6E24-45D5-83D4-3B4890546005}.Debug|Any CPU.Build.0 = Debug|Any CPU
		{C9E8D491-6E24-45D5-83D4-3B4890546005}.Debug|Any CPU.Deploy.0 = Debug|Any CPU
		{C9E8D491-6E24-45D5-83D4-3B4890546005}.Debug|iPhone.ActiveCfg = Debug|Any CPU
		{C9E8D491-6E24-45D5-83D4-3B4890546005}.Debug|iPhone.Build.0 = Debug|Any CPU
		{C9E8D491-6E24-45D5-83D4-3B4890546005}.Debug|iPhone.Deploy.0 = Debug|Any CPU
		{C9E8D491-6E24-45D5-83D4-3B4890546005}.Debug|iPhoneSimulator.ActiveCfg = Debug|Any CPU
		{C9E8D491-6E24-45D5-83D4-3B4890546005}.Debug|iPhoneSimulator.Build.0 = Debug|Any CPU
		{C9E8D491-6E24-45D5-83D4-3B4890546005}.Debug|iPhoneSimulator.Deploy.0 = Debug|Any CPU
		{C9E8D491-6E24-45D5-83D4-3B4890546005}.Release|Any CPU.ActiveCfg = Release|Any CPU
		{C9E8D491-6E24-45D5-83D4-3B4890546005}.Release|Any CPU.Build.0 = Release|Any CPU
		{C9E8D491-6E24-45D5-83D4-3B4890546005}.Release|Any CPU.Deploy.0 = Release|Any CPU
		{C9E8D491-6E24-45D5-83D4-3B4890546005}.Release|iPhone.ActiveCfg = Release|Any CPU
		{C9E8D491-6E24-45D5-83D4-3B4890546005}.Release|iPhone.Build.0 = Release|Any CPU
		{C9E8D491-6E24-45D5-83D4-3B4890546005}.Release|iPhone.Deploy.0 = Release|Any CPU
		{C9E8D491-6E24-45D5-83D4-3B4890546005}.Release|iPhoneSimulator.ActiveCfg = Release|Any CPU
		{C9E8D491-6E24-45D5-83D4-3B4890546005}.Release|iPhoneSimulator.Build.0 = Release|Any CPU
		{C9E8D491-6E24-45D5-83D4-3B4890546005}.Release|iPhoneSimulator.Deploy.0 = Release|Any CPU
		{AE7845D2-1CE3-4000-B1D4-11E6BF5F9DC2}.Ad-Hoc|Any CPU.ActiveCfg = Ad-Hoc|iPhone
		{AE7845D2-1CE3-4000-B1D4-11E6BF5F9DC2}.Ad-Hoc|Any CPU.Build.0 = Ad-Hoc|iPhone
		{AE7845D2-1CE3-4000-B1D4-11E6BF5F9DC2}.Ad-Hoc|Any CPU.Deploy.0 = Ad-Hoc|iPhone
		{AE7845D2-1CE3-4000-B1D4-11E6BF5F9DC2}.Ad-Hoc|iPhone.ActiveCfg = Ad-Hoc|iPhone
		{AE7845D2-1CE3-4000-B1D4-11E6BF5F9DC2}.Ad-Hoc|iPhone.Build.0 = Ad-Hoc|iPhone
		{AE7845D2-1CE3-4000-B1D4-11E6BF5F9DC2}.Ad-Hoc|iPhone.Deploy.0 = Ad-Hoc|iPhone
		{AE7845D2-1CE3-4000-B1D4-11E6BF5F9DC2}.Ad-Hoc|iPhoneSimulator.ActiveCfg = Ad-Hoc|iPhoneSimulator
		{AE7845D2-1CE3-4000-B1D4-11E6BF5F9DC2}.Ad-Hoc|iPhoneSimulator.Build.0 = Ad-Hoc|iPhoneSimulator
		{AE7845D2-1CE3-4000-B1D4-11E6BF5F9DC2}.Ad-Hoc|iPhoneSimulator.Deploy.0 = Ad-Hoc|iPhoneSimulator
		{AE7845D2-1CE3-4000-B1D4-11E6BF5F9DC2}.AppStore|Any CPU.ActiveCfg = AppStore|iPhone
		{AE7845D2-1CE3-4000-B1D4-11E6BF5F9DC2}.AppStore|Any CPU.Build.0 = AppStore|iPhone
		{AE7845D2-1CE3-4000-B1D4-11E6BF5F9DC2}.AppStore|Any CPU.Deploy.0 = AppStore|iPhone
		{AE7845D2-1CE3-4000-B1D4-11E6BF5F9DC2}.AppStore|iPhone.ActiveCfg = AppStore|iPhone
		{AE7845D2-1CE3-4000-B1D4-11E6BF5F9DC2}.AppStore|iPhone.Build.0 = AppStore|iPhone
		{AE7845D2-1CE3-4000-B1D4-11E6BF5F9DC2}.AppStore|iPhone.Deploy.0 = AppStore|iPhone
		{AE7845D2-1CE3-4000-B1D4-11E6BF5F9DC2}.AppStore|iPhoneSimulator.ActiveCfg = AppStore|iPhoneSimulator
		{AE7845D2-1CE3-4000-B1D4-11E6BF5F9DC2}.AppStore|iPhoneSimulator.Build.0 = AppStore|iPhoneSimulator
		{AE7845D2-1CE3-4000-B1D4-11E6BF5F9DC2}.AppStore|iPhoneSimulator.Deploy.0 = AppStore|iPhoneSimulator
		{AE7845D2-1CE3-4000-B1D4-11E6BF5F9DC2}.Debug|Any CPU.ActiveCfg = Debug|iPhoneSimulator
		{AE7845D2-1CE3-4000-B1D4-11E6BF5F9DC2}.Debug|Any CPU.Build.0 = Debug|iPhoneSimulator
		{AE7845D2-1CE3-4000-B1D4-11E6BF5F9DC2}.Debug|Any CPU.Deploy.0 = Debug|iPhoneSimulator
		{AE7845D2-1CE3-4000-B1D4-11E6BF5F9DC2}.Debug|iPhone.ActiveCfg = Debug|iPhone
		{AE7845D2-1CE3-4000-B1D4-11E6BF5F9DC2}.Debug|iPhone.Build.0 = Debug|iPhone
		{AE7845D2-1CE3-4000-B1D4-11E6BF5F9DC2}.Debug|iPhone.Deploy.0 = Debug|iPhone
		{AE7845D2-1CE3-4000-B1D4-11E6BF5F9DC2}.Debug|iPhoneSimulator.ActiveCfg = Debug|iPhoneSimulator
		{AE7845D2-1CE3-4000-B1D4-11E6BF5F9DC2}.Debug|iPhoneSimulator.Build.0 = Debug|iPhoneSimulator
		{AE7845D2-1CE3-4000-B1D4-11E6BF5F9DC2}.Debug|iPhoneSimulator.Deploy.0 = Debug|iPhoneSimulator
		{AE7845D2-1CE3-4000-B1D4-11E6BF5F9DC2}.Release|Any CPU.ActiveCfg = Release|iPhone
		{AE7845D2-1CE3-4000-B1D4-11E6BF5F9DC2}.Release|Any CPU.Build.0 = Release|iPhone
		{AE7845D2-1CE3-4000-B1D4-11E6BF5F9DC2}.Release|Any CPU.Deploy.0 = Release|iPhone
		{AE7845D2-1CE3-4000-B1D4-11E6BF5F9DC2}.Release|iPhone.ActiveCfg = Release|iPhone
		{AE7845D2-1CE3-4000-B1D4-11E6BF5F9DC2}.Release|iPhone.Build.0 = Release|iPhone
		{AE7845D2-1CE3-4000-B1D4-11E6BF5F9DC2}.Release|iPhone.Deploy.0 = Release|iPhone
		{AE7845D2-1CE3-4000-B1D4-11E6BF5F9DC2}.Release|iPhoneSimulator.ActiveCfg = Release|iPhoneSimulator
		{AE7845D2-1CE3-4000-B1D4-11E6BF5F9DC2}.Release|iPhoneSimulator.Build.0 = Release|iPhoneSimulator
		{AE7845D2-1CE3-4000-B1D4-11E6BF5F9DC2}.Release|iPhoneSimulator.Deploy.0 = Release|iPhoneSimulator
		{82B9195F-9D39-41F4-AB74-3F62EC959206}.Ad-Hoc|Any CPU.ActiveCfg = Debug|Any CPU
		{82B9195F-9D39-41F4-AB74-3F62EC959206}.Ad-Hoc|Any CPU.Build.0 = Debug|Any CPU
		{82B9195F-9D39-41F4-AB74-3F62EC959206}.Ad-Hoc|Any CPU.Deploy.0 = Debug|Any CPU
		{82B9195F-9D39-41F4-AB74-3F62EC959206}.Ad-Hoc|iPhone.ActiveCfg = Debug|Any CPU
		{82B9195F-9D39-41F4-AB74-3F62EC959206}.Ad-Hoc|iPhone.Build.0 = Debug|Any CPU
		{82B9195F-9D39-41F4-AB74-3F62EC959206}.Ad-Hoc|iPhone.Deploy.0 = Debug|Any CPU
		{82B9195F-9D39-41F4-AB74-3F62EC959206}.Ad-Hoc|iPhoneSimulator.ActiveCfg = Debug|Any CPU
		{82B9195F-9D39-41F4-AB74-3F62EC959206}.Ad-Hoc|iPhoneSimulator.Build.0 = Debug|Any CPU
		{82B9195F-9D39-41F4-AB74-3F62EC959206}.Ad-Hoc|iPhoneSimulator.Deploy.0 = Debug|Any CPU
		{82B9195F-9D39-41F4-AB74-3F62EC959206}.AppStore|Any CPU.ActiveCfg = Debug|Any CPU
		{82B9195F-9D39-41F4-AB74-3F62EC959206}.AppStore|Any CPU.Build.0 = Debug|Any CPU
		{82B9195F-9D39-41F4-AB74-3F62EC959206}.AppStore|Any CPU.Deploy.0 = Debug|Any CPU
		{82B9195F-9D39-41F4-AB74-3F62EC959206}.AppStore|iPhone.ActiveCfg = Debug|Any CPU
		{82B9195F-9D39-41F4-AB74-3F62EC959206}.AppStore|iPhone.Build.0 = Debug|Any CPU
		{82B9195F-9D39-41F4-AB74-3F62EC959206}.AppStore|iPhone.Deploy.0 = Debug|Any CPU
		{82B9195F-9D39-41F4-AB74-3F62EC959206}.AppStore|iPhoneSimulator.ActiveCfg = Debug|Any CPU
		{82B9195F-9D39-41F4-AB74-3F62EC959206}.AppStore|iPhoneSimulator.Build.0 = Debug|Any CPU
		{82B9195F-9D39-41F4-AB74-3F62EC959206}.AppStore|iPhoneSimulator.Deploy.0 = Debug|Any CPU
		{82B9195F-9D39-41F4-AB74-3F62EC959206}.Debug|Any CPU.ActiveCfg = Debug|Any CPU
		{82B9195F-9D39-41F4-AB74-3F62EC959206}.Debug|Any CPU.Build.0 = Debug|Any CPU
		{82B9195F-9D39-41F4-AB74-3F62EC959206}.Debug|Any CPU.Deploy.0 = Debug|Any CPU
		{82B9195F-9D39-41F4-AB74-3F62EC959206}.Debug|iPhone.ActiveCfg = Debug|Any CPU
		{82B9195F-9D39-41F4-AB74-3F62EC959206}.Debug|iPhone.Build.0 = Debug|Any CPU
		{82B9195F-9D39-41F4-AB74-3F62EC959206}.Debug|iPhone.Deploy.0 = Debug|Any CPU
		{82B9195F-9D39-41F4-AB74-3F62EC959206}.Debug|iPhoneSimulator.ActiveCfg = Debug|Any CPU
		{82B9195F-9D39-41F4-AB74-3F62EC959206}.Debug|iPhoneSimulator.Build.0 = Debug|Any CPU
		{82B9195F-9D39-41F4-AB74-3F62EC959206}.Debug|iPhoneSimulator.Deploy.0 = Debug|Any CPU
		{82B9195F-9D39-41F4-AB74-3F62EC959206}.Release|Any CPU.ActiveCfg = Release|Any CPU
		{82B9195F-9D39-41F4-AB74-3F62EC959206}.Release|Any CPU.Build.0 = Release|Any CPU
		{82B9195F-9D39-41F4-AB74-3F62EC959206}.Release|Any CPU.Deploy.0 = Release|Any CPU
		{82B9195F-9D39-41F4-AB74-3F62EC959206}.Release|iPhone.ActiveCfg = Release|Any CPU
		{82B9195F-9D39-41F4-AB74-3F62EC959206}.Release|iPhone.Build.0 = Release|Any CPU
		{82B9195F-9D39-41F4-AB74-3F62EC959206}.Release|iPhone.Deploy.0 = Release|Any CPU
		{82B9195F-9D39-41F4-AB74-3F62EC959206}.Release|iPhoneSimulator.ActiveCfg = Release|Any CPU
		{82B9195F-9D39-41F4-AB74-3F62EC959206}.Release|iPhoneSimulator.Build.0 = Release|Any CPU
		{82B9195F-9D39-41F4-AB74-3F62EC959206}.Release|iPhoneSimulator.Deploy.0 = Release|Any CPU
	EndGlobalSection
	GlobalSection(SolutionProperties) = preSolution
		HideSolutionNode = FALSE
	EndGlobalSection
	GlobalSection(ExtensibilityGlobals) = postSolution
		SolutionGuid = {E302289F-44FF-4F2D-87FD-62591FEE1B5D}
	EndGlobalSection
EndGlobal
